// !$*UTF8*$!
{
	archiveVersion = 1;
	classes = {
	};
	objectVersion = 77;
	objects = {

/* Begin PBXBuildFile section */
		8BB7B4972FA63176007CC3E0 /* SettingsView.swift in Sources */ = {isa = PBXBuildFile; fileRef = 8BB7B4942FA63176007CC3E0 /* SettingsView.swift */; };
		8BB7B4982FA63176007CC3E0 /* TimerViewModel.swift in Sources */ = {isa = PBXBuildFile; fileRef = 8BB7B4902FA63176007CC3E0 /* TimerViewModel.swift */; };
		8BB7B4992FA63176007CC3E0 /* MainTabView.swift in Sources */ = {isa = PBXBuildFile; fileRef = 8BB7B4932FA63176007CC3E0 /* MainTabView.swift */; };
		8BB7B49A2FA63176007CC3E0 /* DataFolderManager.swift in Sources */ = {isa = PBXBuildFile; fileRef = 8BB7B4812FA63176007CC3E0 /* DataFolderManager.swift */; };
		8BB7B49B2FA63176007CC3E0 /* SettingsRepository.swift in Sources */ = {isa = PBXBuildFile; fileRef = 8BB7B4842FA63176007CC3E0 /* SettingsRepository.swift */; };
		8BB7B49C2FA63176007CC3E0 /* HistoryView.swift in Sources */ = {isa = PBXBuildFile; fileRef = 8BB7B4922FA63176007CC3E0 /* HistoryView.swift */; };
		8BB7B49D2FA63176007CC3E0 /* TimerView.swift in Sources */ = {isa = PBXBuildFile; fileRef = 8BB7B4952FA63176007CC3E0 /* TimerView.swift */; };
		8BB7B49E2FA63176007CC3E0 /* WidgetDataProvider.swift in Sources */ = {isa = PBXBuildFile; fileRef = 8BB7B48C2FA63176007CC3E0 /* WidgetDataProvider.swift */; };
		8BB7B49F2FA63176007CC3E0 /* NotificationService.swift in Sources */ = {isa = PBXBuildFile; fileRef = 8BB7B48B2FA63176007CC3E0 /* NotificationService.swift */; };
		8BB7B4A02FA63176007CC3E0 /* JSONFileStore.swift in Sources */ = {isa = PBXBuildFile; fileRef = 8BB7B4822FA63176007CC3E0 /* JSONFileStore.swift */; };
		8BB7B4A12FA63176007CC3E0 /* TimerEngine.swift in Sources */ = {isa = PBXBuildFile; fileRef = 8BB7B4872FA63176007CC3E0 /* TimerEngine.swift */; };
		8BB7B4A22FA63176007CC3E0 /* SessionRepository.swift in Sources */ = {isa = PBXBuildFile; fileRef = 8BB7B4832FA63176007CC3E0 /* SessionRepository.swift */; };
		8BB7B4A32FA63176007CC3E0 /* HistoryViewModel.swift in Sources */ = {isa = PBXBuildFile; fileRef = 8BB7B48E2FA63176007CC3E0 /* HistoryViewModel.swift */; };
		8BB7B4A42FA63176007CC3E0 /* SettingsViewModel.swift in Sources */ = {isa = PBXBuildFile; fileRef = 8BB7B48F2FA63176007CC3E0 /* SettingsViewModel.swift */; };
		8BB7B4A52FA63176007CC3E0 /* TimerRules.swift in Sources */ = {isa = PBXBuildFile; fileRef = 8BB7B4882FA63176007CC3E0 /* TimerRules.swift */; };
		8BB7B4A62FA63176007CC3E0 /* ActiveTimerRepository.swift in Sources */ = {isa = PBXBuildFile; fileRef = 8BB7B4802FA63176007CC3E0 /* ActiveTimerRepository.swift */; };
		8BB7B4A72FA63176007CC3E0 /* Models.swift in Sources */ = {isa = PBXBuildFile; fileRef = 8BB7B4862FA63176007CC3E0 /* Models.swift */; };
		8BB7B4A82FA63176007CC3E0 /* AppCoordinator.swift in Sources */ = {isa = PBXBuildFile; fileRef = 8BB7B48A2FA63176007CC3E0 /* AppCoordinator.swift */; };
		8BB7B4AA2FA65D0B007CC3E0 /* KeyboardShortcutManager.swift in Sources */ = {isa = PBXBuildFile; fileRef = 8BB7B4A92FA65D0B007CC3E0 /* KeyboardShortcutManager.swift */; };
		8BB7B4AC2FA65D1D007CC3E0 /* TodoRepository.swift in Sources */ = {isa = PBXBuildFile; fileRef = 8BB7B4AB2FA65D1D007CC3E0 /* TodoRepository.swift */; };
		8BB7B4AE2FA65D30007CC3E0 /* TodoItem.swift in Sources */ = {isa = PBXBuildFile; fileRef = 8BB7B4AD2FA65D30007CC3E0 /* TodoItem.swift */; };
		8BB7B4B02FA65D95007CC3E0 /* TodoListViewModel.swift in Sources */ = {isa = PBXBuildFile; fileRef = 8BB7B4AF2FA65D95007CC3E0 /* TodoListViewModel.swift */; };
		8BB7B4B22FA65DA1007CC3E0 /* TodoListView.swift in Sources */ = {isa = PBXBuildFile; fileRef = 8BB7B4B12FA65DA1007CC3E0 /* TodoListView.swift */; };
		8BB7B4B42FA6703A007CC3E0 /* SessionCompletionView.swift in Sources */ = {isa = PBXBuildFile; fileRef = 8BB7B4B32FA6703A007CC3E0 /* SessionCompletionView.swift */; };
		8BB7B4B62FA70000007CC3E0 /* LanguageManager.swift in Sources */ = {isa = PBXBuildFile; fileRef = 8BB7B4B52FA70000007CC3E0 /* LanguageManager.swift */; };
		B2D1DE69A16A495D84ED4ED8 /* iCloudDriveSyncManager.swift in Sources */ = {isa = PBXBuildFile; fileRef = B2D1DE68A16A495D84ED4ED7 /* iCloudDriveSyncManager.swift */; };
		B2D1DE6BA16A495D84ED4EDA /* DirectoryAuthorizationManager.swift in Sources */ = {isa = PBXBuildFile; fileRef = B2D1DE6AA16A495D84ED4ED9 /* DirectoryAuthorizationManager.swift */; };
/* End PBXBuildFile section */

/* Begin PBXFileReference section */
		8BB7B4592FA62A4F007CC3E0 /* FlowOSAppleApp.app */ = {isa = PBXFileReference; explicitFileType = wrapper.application; includeInIndex = 0; path = FlowOSAppleApp.app; sourceTree = BUILT_PRODUCTS_DIR; };
		8BB7B4802FA63176007CC3E0 /* ActiveTimerRepository.swift */ = {isa = PBXFileReference; lastKnownFileType = sourcecode.swift; path = ActiveTimerRepository.swift; sourceTree = "<group>"; };
		8BB7B4812FA63176007CC3E0 /* DataFolderManager.swift */ = {isa = PBXFileReference; lastKnownFileType = sourcecode.swift; path = DataFolderManager.swift; sourceTree = "<group>"; };
		8BB7B4822FA63176007CC3E0 /* JSONFileStore.swift */ = {isa = PBXFileReference; lastKnownFileType = sourcecode.swift; path = JSONFileStore.swift; sourceTree = "<group>"; };
		8BB7B4832FA63176007CC3E0 /* SessionRepository.swift */ = {isa = PBXFileReference; lastKnownFileType = sourcecode.swift; path = SessionRepository.swift; sourceTree = "<group>"; };
		8BB7B4842FA63176007CC3E0 /* SettingsRepository.swift */ = {isa = PBXFileReference; lastKnownFileType = sourcecode.swift; path = SettingsRepository.swift; sourceTree = "<group>"; };
		8BB7B4862FA63176007CC3E0 /* Models.swift */ = {isa = PBXFileReference; lastKnownFileType = sourcecode.swift; path = Models.swift; sourceTree = "<group>"; };
		8BB7B4872FA63176007CC3E0 /* TimerEngine.swift */ = {isa = PBXFileReference; lastKnownFileType = sourcecode.swift; path = TimerEngine.swift; sourceTree = "<group>"; };
		8BB7B4882FA63176007CC3E0 /* TimerRules.swift */ = {isa = PBXFileReference; lastKnownFileType = sourcecode.swift; path = TimerRules.swift; sourceTree = "<group>"; };
		8BB7B48A2FA63176007CC3E0 /* AppCoordinator.swift */ = {isa = PBXFileReference; lastKnownFileType = sourcecode.swift; path = AppCoordinator.swift; sourceTree = "<group>"; };
		8BB7B48B2FA63176007CC3E0 /* NotificationService.swift */ = {isa = PBXFileReference; lastKnownFileType = sourcecode.swift; path = NotificationService.swift; sourceTree = "<group>"; };
		8BB7B48C2FA63176007CC3E0 /* WidgetDataProvider.swift */ = {isa = PBXFileReference; lastKnownFileType = sourcecode.swift; path = WidgetDataProvider.swift; sourceTree = "<group>"; };
		8BB7B48E2FA63176007CC3E0 /* HistoryViewModel.swift */ = {isa = PBXFileReference; lastKnownFileType = sourcecode.swift; path = HistoryViewModel.swift; sourceTree = "<group>"; };
		8BB7B48F2FA63176007CC3E0 /* SettingsViewModel.swift */ = {isa = PBXFileReference; lastKnownFileType = sourcecode.swift; path = SettingsViewModel.swift; sourceTree = "<group>"; };
		8BB7B4902FA63176007CC3E0 /* TimerViewModel.swift */ = {isa = PBXFileReference; lastKnownFileType = sourcecode.swift; path = TimerViewModel.swift; sourceTree = "<group>"; };
		8BB7B4922FA63176007CC3E0 /* HistoryView.swift */ = {isa = PBXFileReference; lastKnownFileType = sourcecode.swift; path = HistoryView.swift; sourceTree = "<group>"; };
		8BB7B4932FA63176007CC3E0 /* MainTabView.swift */ = {isa = PBXFileReference; lastKnownFileType = sourcecode.swift; path = MainTabView.swift; sourceTree = "<group>"; };
		8BB7B4942FA63176007CC3E0 /* SettingsView.swift */ = {isa = PBXFileReference; lastKnownFileType = sourcecode.swift; path = SettingsView.swift; sourceTree = "<group>"; };
		8BB7B4952FA63176007CC3E0 /* TimerView.swift */ = {isa = PBXFileReference; lastKnownFileType = sourcecode.swift; path = TimerView.swift; sourceTree = "<group>"; };
		8BB7B4A92FA65D0B007CC3E0 /* KeyboardShortcutManager.swift */ = {isa = PBXFileReference; lastKnownFileType = sourcecode.swift; path = KeyboardShortcutManager.swift; sourceTree = "<group>"; };
		8BB7B4AB2FA65D1D007CC3E0 /* TodoRepository.swift */ = {isa = PBXFileReference; lastKnownFileType = sourcecode.swift; path = TodoRepository.swift; sourceTree = "<group>"; };
		8BB7B4AD2FA65D30007CC3E0 /* TodoItem.swift */ = {isa = PBXFileReference; lastKnownFileType = sourcecode.swift; path = TodoItem.swift; sourceTree = "<group>"; };
		8BB7B4AF2FA65D95007CC3E0 /* TodoListViewModel.swift */ = {isa = PBXFileReference; lastKnownFileType = sourcecode.swift; path = TodoListViewModel.swift; sourceTree = "<group>"; };
		8BB7B4B12FA65DA1007CC3E0 /* TodoListView.swift */ = {isa = PBXFileReference; lastKnownFileType = sourcecode.swift; path = TodoListView.swift; sourceTree = "<group>"; };
		8BB7B4B32FA6703A007CC3E0 /* SessionCompletionView.swift */ = {isa = PBXFileReference; lastKnownFileType = sourcecode.swift; path = SessionCompletionView.swift; sourceTree = "<group>"; };
		8BB7B4B52FA70000007CC3E0 /* LanguageManager.swift */ = {isa = PBXFileReference; lastKnownFileType = sourcecode.swift; path = LanguageManager.swift; sourceTree = "<group>"; };
		B2D1DE67A16A495D84ED4ED6 /* CloudKitManager.swift */ = {isa = PBXFileReference; lastKnownFileType = sourcecode.swift; path = CloudKitManager.swift; sourceTree = "<group>"; };
		B2D1DE68A16A495D84ED4ED7 /* iCloudDriveSyncManager.swift */ = {isa = PBXFileReference; lastKnownFileType = sourcecode.swift; path = iCloudDriveSyncManager.swift; sourceTree = "<group>"; };
		B2D1DE6AA16A495D84ED4ED9 /* DirectoryAuthorizationManager.swift */ = {isa = PBXFileReference; lastKnownFileType = sourcecode.swift; path = DirectoryAuthorizationManager.swift; sourceTree = "<group>"; };
/* End PBXFileReference section */

/* Begin PBXFileSystemSynchronizedBuildFileExceptionSet section */
		8B7F57A22FAA8E1000035BB5 /* Exceptions for "FlowOSAppleApp" folder in "FlowOSAppleApp" target */ = {
			isa = PBXFileSystemSynchronizedBuildFileExceptionSet;
			membershipExceptions = (
				Info.plist,
			);
			target = 8BB7B4582FA62A4F007CC3E0 /* FlowOSAppleApp */;
		};
/* End PBXFileSystemSynchronizedBuildFileExceptionSet section */

/* Begin PBXFileSystemSynchronizedRootGroup section */
		8BB7B45B2FA62A4F007CC3E0 /* FlowOSAppleApp */ = {
			isa = PBXFileSystemSynchronizedRootGroup;
			exceptions = (
				8B7F57A22FAA8E1000035BB5 /* Exceptions for "FlowOSAppleApp" folder in "FlowOSAppleApp" target */,
			);
			path = FlowOSAppleApp;
			sourceTree = "<group>";
		};
/* End PBXFileSystemSynchronizedRootGroup section */

/* Begin PBXFrameworksBuildPhase section */
		8BB7B4562FA62A4F007CC3E0 /* Frameworks */ = {
			isa = PBXFrameworksBuildPhase;
			buildActionMask = 2147483647;
			files = (
			);
			runOnlyForDeploymentPostprocessing = 0;
		};
/* End PBXFrameworksBuildPhase section */

/* Begin PBXGroup section */
		8B96D6A72FBCE9FB00EA5D38 /* Recovered References */ = {
			isa = PBXGroup;
			children = (
			);
			name = "Recovered References";
			sourceTree = "<group>";
		};
		8BB7B4502FA62A4F007CC3E0 = {
			isa = PBXGroup;
			children = (
				8BB7B4852FA63176007CC3E0 /* Data */,
				8BB7B4892FA63176007CC3E0 /* Domain */,
				8BB7B48D2FA63176007CC3E0 /* Services */,
				8BB7B4912FA63176007CC3E0 /* ViewModels */,
				8BB7B4962FA63176007CC3E0 /* Views */,
				8BB7B45B2FA62A4F007CC3E0 /* FlowOSAppleApp */,
				8BB7B45A2FA62A4F007CC3E0 /* Products */,
				8B96D6A72FBCE9FB00EA5D38 /* Recovered References */,
			);
			sourceTree = "<group>";
		};
		8BB7B45A2FA62A4F007CC3E0 /* Products */ = {
			isa = PBXGroup;
			children = (
				8BB7B4592FA62A4F007CC3E0 /* FlowOSAppleApp.app */,
			);
			name = Products;
			sourceTree = "<group>";
		};
		8BB7B4852FA63176007CC3E0 /* Data */ = {
			isa = PBXGroup;
			children = (
				8BB7B4AB2FA65D1D007CC3E0 /* TodoRepository.swift */,
				8BB7B4802FA63176007CC3E0 /* ActiveTimerRepository.swift */,
				8BB7B4812FA63176007CC3E0 /* DataFolderManager.swift */,
				8BB7B4822FA63176007CC3E0 /* JSONFileStore.swift */,
				8BB7B4832FA63176007CC3E0 /* SessionRepository.swift */,
				8BB7B4842FA63176007CC3E0 /* SettingsRepository.swift */,
			);
			path = Data;
			sourceTree = "<group>";
		};
		8BB7B4892FA63176007CC3E0 /* Domain */ = {
			isa = PBXGroup;
			children = (
				8BB7B4B52FA70000007CC3E0 /* LanguageManager.swift */,
				B2D1DE68A16A495D84ED4ED7 /* iCloudDriveSyncManager.swift */,
				8BB7B4AD2FA65D30007CC3E0 /* TodoItem.swift */,
				8BB7B4862FA63176007CC3E0 /* Models.swift */,
				8BB7B4872FA63176007CC3E0 /* TimerEngine.swift */,
				8BB7B4882FA63176007CC3E0 /* TimerRules.swift */,
			);
			path = Domain;
			sourceTree = "<group>";
		};
		8BB7B48D2FA63176007CC3E0 /* Services */ = {
			isa = PBXGroup;
			children = (
				B2D1DE6AA16A495D84ED4ED9 /* DirectoryAuthorizationManager.swift */,
				B2D1DE67A16A495D84ED4ED6 /* CloudKitManager.swift */,
				8BB7B4A92FA65D0B007CC3E0 /* KeyboardShortcutManager.swift */,
				8BB7B48A2FA63176007CC3E0 /* AppCoordinator.swift */,
				8BB7B48B2FA63176007CC3E0 /* NotificationService.swift */,
				8BB7B48C2FA63176007CC3E0 /* WidgetDataProvider.swift */,
			);
			path = Services;
			sourceTree = "<group>";
		};
		8BB7B4912FA63176007CC3E0 /* ViewModels */ = {
			isa = PBXGroup;
			children = (
				8BB7B4AF2FA65D95007CC3E0 /* TodoListViewModel.swift */,
				8BB7B48E2FA63176007CC3E0 /* HistoryViewModel.swift */,
				8BB7B48F2FA63176007CC3E0 /* SettingsViewModel.swift */,
				8BB7B4902FA63176007CC3E0 /* TimerViewModel.swift */,
			);
			path = ViewModels;
			sourceTree = "<group>";
		};
		8BB7B4962FA63176007CC3E0 /* Views */ = {
			isa = PBXGroup;
			children = (
				8BB7B4B32FA6703A007CC3E0 /* SessionCompletionView.swift */,
				8BB7B4B12FA65DA1007CC3E0 /* TodoListView.swift */,
				8BB7B4922FA63176007CC3E0 /* HistoryView.swift */,
				8BB7B4932FA63176007CC3E0 /* MainTabView.swift */,
				8BB7B4942FA63176007CC3E0 /* SettingsView.swift */,
				8BB7B4952FA63176007CC3E0 /* TimerView.swift */,
			);
			path = Views;
			sourceTree = "<group>";
		};
/* End PBXGroup section */

/* Begin PBXNativeTarget section */
		8BB7B4582FA62A4F007CC3E0 /* FlowOSAppleApp */ = {
			isa = PBXNativeTarget;
			buildConfigurationList = 8BB7B4642FA62A51007CC3E0 /* Build configuration list for PBXNativeTarget "FlowOSAppleApp" */;
			buildPhases = (
				8BB7B4552FA62A4F007CC3E0 /* Sources */,
				8BB7B4562FA62A4F007CC3E0 /* Frameworks */,
				8BB7B4572FA62A4F007CC3E0 /* Resources */,
			);
			buildRules = (
			);
			dependencies = (
			);
			fileSystemSynchronizedGroups = (
				8BB7B45B2FA62A4F007CC3E0 /* FlowOSAppleApp */,
			);
			name = FlowOSAppleApp;
			packageProductDependencies = (
			);
			productName = FlowOSAppleApp;
			productReference = 8BB7B4592FA62A4F007CC3E0 /* FlowOSAppleApp.app */;
			productType = "com.apple.product-type.application";
		};
/* End PBXNativeTarget section */

/* Begin PBXProject section */
		8BB7B4512FA62A4F007CC3E0 /* Project object */ = {
			isa = PBXProject;
			attributes = {
				BuildIndependentTargetsInParallel = 1;
				LastSwiftUpdateCheck = 2640;
				LastUpgradeCheck = 2640;
				TargetAttributes = {
					8BB7B4582FA62A4F007CC3E0 = {
						CreatedOnToolsVersion = 26.4.1;
					};
				};
			};
			buildConfigurationList = 8BB7B4542FA62A4F007CC3E0 /* Build configuration list for PBXProject "FlowOSAppleApp" */;
			developmentRegion = en;
			hasScannedForEncodings = 0;
			knownRegions = (
				en,
				Base,
				"zh-Hans",
			);
			mainGroup = 8BB7B4502FA62A4F007CC3E0;
			minimizedProjectReferenceProxies = 1;
			preferredProjectObjectVersion = 77;
			productRefGroup = 8BB7B45A2FA62A4F007CC3E0 /* Products */;
			projectDirPath = "";
			projectRoot = "";
			targets = (
				8BB7B4582FA62A4F007CC3E0 /* FlowOSAppleApp */,
			);
		};
/* End PBXProject section */

/* Begin PBXResourcesBuildPhase section */
		8BB7B4572FA62A4F007CC3E0 /* Resources */ = {
			isa = PBXResourcesBuildPhase;
			buildActionMask = 2147483647;
			files = (
			);
			runOnlyForDeploymentPostprocessing = 0;
		};
/* End PBXResourcesBuildPhase section */

/* Begin PBXSourcesBuildPhase section */
		8BB7B4552FA62A4F007CC3E0 /* Sources */ = {
			isa = PBXSourcesBuildPhase;
			buildActionMask = 2147483647;
			files = (
				B2D1DE6BA16A495D84ED4EDA /* DirectoryAuthorizationManager.swift in Sources */,
				8BB7B4B62FA70000007CC3E0 /* LanguageManager.swift in Sources */,
				B2D1DE69A16A495D84ED4ED8 /* iCloudDriveSyncManager.swift in Sources */,
				8BB7B4B42FA6703A007CC3E0 /* SessionCompletionView.swift in Sources */,
				8BB7B4972FA63176007CC3E0 /* SettingsView.swift in Sources */,
				8BB7B4B22FA65DA1007CC3E0 /* TodoListView.swift in Sources */,
				8BB7B4982FA63176007CC3E0 /* TimerViewModel.swift in Sources */,
				8BB7B4992FA63176007CC3E0 /* MainTabView.swift in Sources */,
				8BB7B4AA2FA65D0B007CC3E0 /* KeyboardShortcutManager.swift in Sources */,
				8BB7B49A2FA63176007CC3E0 /* DataFolderManager.swift in Sources */,
				8BB7B49B2FA63176007CC3E0 /* SettingsRepository.swift in Sources */,
				8BB7B4B02FA65D95007CC3E0 /* TodoListViewModel.swift in Sources */,
				8BB7B49C2FA63176007CC3E0 /* HistoryView.swift in Sources */,
				8BB7B49D2FA63176007CC3E0 /* TimerView.swift in Sources */,
				8BB7B49E2FA63176007CC3E0 /* WidgetDataProvider.swift in Sources */,
				8BB7B49F2FA63176007CC3E0 /* NotificationService.swift in Sources */,
				8BB7B4A02FA63176007CC3E0 /* JSONFileStore.swift in Sources */,
				8BB7B4A12FA63176007CC3E0 /* TimerEngine.swift in Sources */,
				8BB7B4A22FA63176007CC3E0 /* SessionRepository.swift in Sources */,
				8BB7B4A32FA63176007CC3E0 /* HistoryViewModel.swift in Sources */,
				8BB7B4A42FA63176007CC3E0 /* SettingsViewModel.swift in Sources */,
				8BB7B4AE2FA65D30007CC3E0 /* TodoItem.swift in Sources */,
				8BB7B4A52FA63176007CC3E0 /* TimerRules.swift in Sources */,
				8BB7B4AC2FA65D1D007CC3E0 /* TodoRepository.swift in Sources */,
				8BB7B4A62FA63176007CC3E0 /* ActiveTimerRepository.swift in Sources */,
				8BB7B4A72FA63176007CC3E0 /* Models.swift in Sources */,
				8BB7B4A82FA63176007CC3E0 /* AppCoordinator.swift in Sources */,
			);
			runOnlyForDeploymentPostprocessing = 0;
		};
/* End PBXSourcesBuildPhase section */

/* Begin XCBuildConfiguration section */
		8BB7B4622FA62A51007CC3E0 /* Debug */ = {
			isa = XCBuildConfiguration;
			buildSettings = {
				ALWAYS_SEARCH_USER_PATHS = NO;
				ASSETCATALOG_COMPILER_GENERATE_SWIFT_ASSET_SYMBOL_EXTENSIONS = YES;
				CLANG_ANALYZER_NONNULL = YES;
				CLANG_ANALYZER_NUMBER_OBJECT_CONVERSION = YES_AGGRESSIVE;
				CLANG_CXX_LANGUAGE_STANDARD = "gnu++20";
				CLANG_ENABLE_MODULES = YES;
				CLANG_ENABLE_OBJC_ARC = YES;
				CLANG_ENABLE_OBJC_WEAK = YES;
				CLANG_WARN_BLOCK_CAPTURE_AUTORELEASING = YES;
				CLANG_WARN_BOOL_CONVERSION = YES;
				CLANG_WARN_COMMA = YES;
				CLANG_WARN_CONSTANT_CONVERSION = YES;
				CLANG_WARN_DEPRECATED_OBJC_IMPLEMENTATIONS = YES;
				CLANG_WARN_DIRECT_OBJC_ISA_USAGE = YES_ERROR;
				CLANG_WARN_DOCUMENTATION_COMMENTS = YES;
				CLANG_WARN_EMPTY_BODY = YES;
				CLANG_WARN_ENUM_CONVERSION = YES;
				CLANG_WARN_INFINITE_RECURSION = YES;
				CLANG_WARN_INT_CONVERSION = YES;
				CLANG_WARN_NON_LITERAL_NULL_CONVERSION = YES;
				CLANG_WARN_OBJC_IMPLICIT_RETAIN_SELF = YES;
				CLANG_WARN_OBJC_LITERAL_CONVERSION = YES;
				CLANG_WARN_OBJC_ROOT_CLASS = YES_ERROR;
				CLANG_WARN_QUOTED_INCLUDE_IN_FRAMEWORK_HEADER = YES;
				CLANG_WARN_RANGE_LOOP_ANALYSIS = YES;
				CLANG_WARN_STRICT_PROTOTYPES = YES;
				CLANG_WARN_SUSPICIOUS_MOVE = YES;
				CLANG_WARN_UNGUARDED_AVAILABILITY = YES_AGGRESSIVE;
				CLANG_WARN_UNREACHABLE_CODE = YES;
				CLANG_WARN__DUPLICATE_METHOD_MATCH = YES;
				COPY_PHASE_STRIP = NO;
				DEBUG_INFORMATION_FORMAT = dwarf;
				ENABLE_STRICT_OBJC_MSGSEND = YES;
				ENABLE_TESTABILITY = YES;
				ENABLE_USER_SCRIPT_SANDBOXING = YES;
				GCC_C_LANGUAGE_STANDARD = gnu17;
				GCC_DYNAMIC_NO_PIC = NO;
				GCC_NO_COMMON_BLOCKS = YES;
				GCC_OPTIMIZATION_LEVEL = 0;
				GCC_PREPROCESSOR_DEFINITIONS = (
					"DEBUG=1",
					"$(inherited)",
				);
				GCC_WARN_64_TO_32_BIT_CONVERSION = YES;
				GCC_WARN_ABOUT_RETURN_TYPE = YES_ERROR;
				GCC_WARN_UNDECLARED_SELECTOR = YES;
				GCC_WARN_UNINITIALIZED_AUTOS = YES_AGGRESSIVE;
				GCC_WARN_UNUSED_FUNCTION = YES;
				GCC_WARN_UNUSED_VARIABLE = YES;
				LOCALIZATION_PREFERS_STRING_CATALOGS = YES;
				MACOSX_DEPLOYMENT_TARGET = 26.2;
				MTL_ENABLE_DEBUG_INFO = INCLUDE_SOURCE;
				MTL_FAST_MATH = YES;
				ONLY_ACTIVE_ARCH = YES;
				SDKROOT = macosx;
				SWIFT_ACTIVE_COMPILATION_CONDITIONS = "DEBUG $(inherited)";
				SWIFT_OPTIMIZATION_LEVEL = "-Onone";
			};
			name = Debug;
		};
		8BB7B4632FA62A51007CC3E0 /* Release */ = {
			isa = XCBuildConfiguration;
			buildSettings = {
				ALWAYS_SEARCH_USER_PATHS = NO;
				ASSETCATALOG_COMPILER_GENERATE_SWIFT_ASSET_SYMBOL_EXTENSIONS = YES;
				CLANG_ANALYZER_NONNULL = YES;
				CLANG_ANALYZER_NUMBER_OBJECT_CONVERSION = YES_AGGRESSIVE;
				CLANG_CXX_LANGUAGE_STANDARD = "gnu++20";
				CLANG_ENABLE_MODULES = YES;
				CLANG_ENABLE_OBJC_ARC = YES;
				CLANG_ENABLE_OBJC_WEAK = YES;
				CLANG_WARN_BLOCK_CAPTURE_AUTORELEASING = YES;
				CLANG_WARN_BOOL_CONVERSION = YES;
				CLANG_WARN_COMMA = YES;
				CLANG_WARN_CONSTANT_CONVERSION = YES;
				CLANG_WARN_DEPRECATED_OBJC_IMPLEMENTATIONS = YES;
				CLANG_WARN_DIRECT_OBJC_ISA_USAGE = YES_ERROR;
				CLANG_WARN_DOCUMENTATION_COMMENTS = YES;
				CLANG_WARN_EMPTY_BODY = YES;
				CLANG_WARN_ENUM_CONVERSION = YES;
				CLANG_WARN_INFINITE_RECURSION = YES;
				CLANG_WARN_INT_CONVERSION = YES;
				CLANG_WARN_NON_LITERAL_NULL_CONVERSION = YES;
				CLANG_WARN_OBJC_IMPLICIT_RETAIN_SELF = YES;
				CLANG_WARN_OBJC_LITERAL_CONVERSION = YES;
				CLANG_WARN_OBJC_ROOT_CLASS = YES_ERROR;
				CLANG_WARN_QUOTED_INCLUDE_IN_FRAMEWORK_HEADER = YES;
				CLANG_WARN_RANGE_LOOP_ANALYSIS = YES;
				CLANG_WARN_STRICT_PROTOTYPES = YES;
				CLANG_WARN_SUSPICIOUS_MOVE = YES;
				CLANG_WARN_UNGUARDED_AVAILABILITY = YES_AGGRESSIVE;
				CLANG_WARN_UNREACHABLE_CODE = YES;
				CLANG_WARN__DUPLICATE_METHOD_MATCH = YES;
				COPY_PHASE_STRIP = NO;
				DEBUG_INFORMATION_FORMAT = "dwarf-with-dsym";
				ENABLE_NS_ASSERTIONS = NO;
				ENABLE_STRICT_OBJC_MSGSEND = YES;
				ENABLE_USER_SCRIPT_SANDBOXING = YES;
				GCC_C_LANGUAGE_STANDARD = gnu17;
				GCC_NO_COMMON_BLOCKS = YES;
				GCC_WARN_64_TO_32_BIT_CONVERSION = YES;
				GCC_WARN_ABOUT_RETURN_TYPE = YES_ERROR;
				GCC_WARN_UNDECLARED_SELECTOR = YES;
				GCC_WARN_UNINITIALIZED_AUTOS = YES_AGGRESSIVE;
				GCC_WARN_UNUSED_FUNCTION = YES;
				GCC_WARN_UNUSED_VARIABLE = YES;
				LOCALIZATION_PREFERS_STRING_CATALOGS = YES;
				MACOSX_DEPLOYMENT_TARGET = 26.2;
				MTL_ENABLE_DEBUG_INFO = NO;
				MTL_FAST_MATH = YES;
				SDKROOT = macosx;
				SWIFT_COMPILATION_MODE = wholemodule;
			};
			name = Release;
		};
		8BB7B4652FA62A51007CC3E0 /* Debug */ = {
			isa = XCBuildConfiguration;
			buildSettings = {
				ASSETCATALOG_COMPILER_APPICON_NAME = AppIcon;
				ASSETCATALOG_COMPILER_GLOBAL_ACCENT_COLOR_NAME = AccentColor;
				CODE_SIGN_ENTITLEMENTS = FlowOSAppleApp/FlowOSAppleApp.entitlements;
				"CODE_SIGN_IDENTITY[sdk=macosx*]" = "Apple Development";
				CODE_SIGN_STYLE = Automatic;
				COMBINE_HIDPI_IMAGES = YES;
				CURRENT_PROJECT_VERSION = 1;
				DEVELOPMENT_TEAM = H85W6872VZ;
				ENABLE_APP_SANDBOX = YES;
				ENABLE_PREVIEWS = YES;
				GENERATE_INFOPLIST_FILE = YES;
				INFOPLIST_FILE = FlowOSAppleApp/Info.plist;
				INFOPLIST_KEY_NSHumanReadableCopyright = "";
				LD_RUNPATH_SEARCH_PATHS = (
					"$(inherited)",
					"@executable_path/../Frameworks",
				);
				MARKETING_VERSION = 1.0;
				PRODUCT_BUNDLE_IDENTIFIER = com.flowos.FlowOSAppleApp;
				PRODUCT_NAME = "$(TARGET_NAME)";
				REGISTER_APP_GROUPS = YES;
				STRING_CATALOG_GENERATE_SYMBOLS = YES;
				SWIFT_APPROACHABLE_CONCURRENCY = YES;
				SWIFT_DEFAULT_ACTOR_ISOLATION = MainActor;
				SWIFT_EMIT_LOC_STRINGS = YES;
				SWIFT_UPCOMING_FEATURE_MEMBER_IMPORT_VISIBILITY = YES;
				SWIFT_VERSION = 5.0;
			};
			name = Debug;
		};
		8BB7B4662FA62A51007CC3E0 /* Release */ = {
			isa = XCBuildConfiguration;
			buildSettings = {
				ASSETCATALOG_COMPILER_APPICON_NAME = AppIcon;
				ASSETCATALOG_COMPILER_GLOBAL_ACCENT_COLOR_NAME = AccentColor;
				CODE_SIGN_ENTITLEMENTS = FlowOSAppleApp/FlowOSAppleApp.entitlements;
				"CODE_SIGN_IDENTITY[sdk=macosx*]" = "Apple Development";
				CODE_SIGN_STYLE = Automatic;
				COMBINE_HIDPI_IMAGES = YES;
				CURRENT_PROJECT_VERSION = 1;
				DEVELOPMENT_TEAM = H85W6872VZ;
				ENABLE_APP_SANDBOX = YES;
				ENABLE_PREVIEWS = YES;
				GENERATE_INFOPLIST_FILE = YES;
				INFOPLIST_FILE = FlowOSAppleApp/Info.plist;
				INFOPLIST_KEY_NSHumanReadableCopyright = "";
				LD_RUNPATH_SEARCH_PATHS = (
					"$(inherited)",
					"@executable_path/../Frameworks",
				);
				MARKETING_VERSION = 1.0;
				PRODUCT_BUNDLE_IDENTIFIER = com.flowos.FlowOSAppleApp;
				PRODUCT_NAME = "$(TARGET_NAME)";
				REGISTER_APP_GROUPS = YES;
				STRING_CATALOG_GENERATE_SYMBOLS = YES;
				SWIFT_APPROACHABLE_CONCURRENCY = YES;
				SWIFT_DEFAULT_ACTOR_ISOLATION = MainActor;
				SWIFT_EMIT_LOC_STRINGS = YES;
				SWIFT_UPCOMING_FEATURE_MEMBER_IMPORT_VISIBILITY = YES;
				SWIFT_VERSION = 5.0;
			};
			name = Release;
		};
/* End XCBuildConfiguration section */

/* Begin XCConfigurationList section */
		8BB7B4542FA62A4F007CC3E0 /* Build configuration list for PBXProject "FlowOSAppleApp" */ = {
			isa = XCConfigurationList;
			buildConfigurations = (
				8BB7B4622FA62A51007CC3E0 /* Debug */,
				8BB7B4632FA62A51007CC3E0 /* Release */,
			);
			defaultConfigurationIsVisible = 0;
			defaultConfigurationName = Release;
		};
		8BB7B4642FA62A51007CC3E0 /* Build configuration list for PBXNativeTarget "FlowOSAppleApp" */ = {
			isa = XCConfigurationList;
			buildConfigurations = (
				8BB7B4652FA62A51007CC3E0 /* Debug */,
				8BB7B4662FA62A51007CC3E0 /* Release */,
			);
			defaultConfigurationIsVisible = 0;
			defaultConfigurationName = Release;
		};
/* End XCConfigurationList section */
	};
	rootObject = 8BB7B4512FA62A4F007CC3E0 /* Project object */;
}
